{
  "name": "dvcn13",
  "version": "1.0.0",
  "lockfileVersion": 2,
  "requires": true,
  "packages": {
    "": {
      "name": "dvcn13",
      "version": "1.0.0",
      "license": "ISC",
      "dependencies": {
        "dvcn13": "^1.0.0"
      }
    },
    "node_modules/dvcn13": {
      "version": "1.0.0",
      "resolved": "https://registry.npmjs.org/dvcn13/-/dvcn13-1.0.0.tgz",
      "integrity": "sha512-3x+I/775s/3WToLTyGAxbVhVVKj2FD5jFvyMBHviHbZkYrreaWSUxZmCkDKhucsRKzZGbq55A2MFijghgSxyyQ=="
    }
  },
  "dependencies": {
    "dvcn13": {
      "version": "1.0.0",
      "resolved": "https://registry.npmjs.org/dvcn13/-/dvcn13-1.0.0.tgz",
      "integrity": "sha512-3x+I/775s/3WToLTyGAxbVhVVKj2FD5jFvyMBHviHbZkYrreaWSUxZmCkDKhucsRKzZGbq55A2MFijghgSxyyQ=="
    }
  }
}
